
Microsoft Visual Studio Solution File, Format Version 12.00
# Visual Studio Version 17
VisualStudioVersion = 17.3.32929.385
MinimumVisualStudioVersion = 10.0.40219.1
Project("{9A19103F-16F7-4668-BE54-9A1E7A4F7556}") = "Stage0", "Stage0\Stage0.csproj", "{E1D30838-4DC3-4B85-8094-1F93344E44E1}"
EndProject
Project("{2150E333-8FDC-42A3-9474-1A3956D46DE8}") = "Solution Items", "Solution Items", "{6A3DD993-1A5A-4085-A725-F4A2498A65C9}"
	ProjectSection(SolutionItems) = preProject
		Bonuses.txt = Bonuses.txt
		README.md = README.md
	EndProjectSection
EndProject
Project("{2150E333-8FDC-42A3-9474-1A3956D46DE8}") = "Solution Items (2)", "Solution Items (2)", "{7A406D97-F709-4ED2-B989-286D2FB9896B}"
	ProjectSection(SolutionItems) = preProject
		README.md = README.md
	EndProjectSection
EndProject
Project("{9A19103F-16F7-4668-BE54-9A1E7A4F7556}") = "DalFacade", "DalFacade\DalFacade.csproj", "{167761A4-031A-4890-B919-06D339D24CEA}"
EndProject
Project("{9A19103F-16F7-4668-BE54-9A1E7A4F7556}") = "DalList", "DalList\DalList.csproj", "{D03E6F27-B3A2-4625-B3CA-CA940164AAD4}"
	ProjectSection(ProjectDependencies) = postProject
		{167761A4-031A-4890-B919-06D339D24CEA} = {167761A4-031A-4890-B919-06D339D24CEA}
	EndProjectSection
EndProject
Project("{9A19103F-16F7-4668-BE54-9A1E7A4F7556}") = "DalTest", "DalTest\DalTest.csproj", "{528D783D-87B2-4E6D-991E-E9C9A69E6890}"
EndProject
Project("{9A19103F-16F7-4668-BE54-9A1E7A4F7556}") = "BL", "BL\BL.csproj", "{52D0CA9A-A14F-4D97-84DD-4FE671554432}"
	ProjectSection(ProjectDependencies) = postProject
		{167761A4-031A-4890-B919-06D339D24CEA} = {167761A4-031A-4890-B919-06D339D24CEA}
		{D03E6F27-B3A2-4625-B3CA-CA940164AAD4} = {D03E6F27-B3A2-4625-B3CA-CA940164AAD4}
	EndProjectSection
EndProject
Project("{9A19103F-16F7-4668-BE54-9A1E7A4F7556}") = "BlTest", "BlTest\BlTest.csproj", "{5C416F14-6F06-419E-A7B9-0DA96FD57B4F}"
EndProject
Project("{9A19103F-16F7-4668-BE54-9A1E7A4F7556}") = "PL", "PL\PL.csproj", "{46CF7FCB-C3A8-4F9F-B978-EEF137C8A6DA}"
EndProject
Project("{2150E333-8FDC-42A3-9474-1A3956D46DE8}") = "xml", "xml", "{21FBA52B-A3FC-4E9B-B99D-41718C873F31}"
	ProjectSection(SolutionItems) = preProject
		xml\config.xml = xml\config.xml
		xml\dal-config.xml = xml\dal-config.xml
		xml\Order.xml = xml\Order.xml
		xml\OrderItem.xml = xml\OrderItem.xml
		xml\Product.xml = xml\Product.xml
		xml\User.xml = xml\User.xml
	EndProjectSection
EndProject
Project("{9A19103F-16F7-4668-BE54-9A1E7A4F7556}") = "DalXml", "DalXml\DalXml.csproj", "{80415EE6-710F-4451-8095-45F4FBCCF431}"
EndProject
Global
	GlobalSection(SolutionConfigurationPlatforms) = preSolution
		Debug|Any CPU = Debug|Any CPU
		Release|Any CPU = Release|Any CPU
	EndGlobalSection
	GlobalSection(ProjectConfigurationPlatforms) = postSolution
		{E1D30838-4DC3-4B85-8094-1F93344E44E1}.Debug|Any CPU.ActiveCfg = Debug|Any CPU
		{E1D30838-4DC3-4B85-8094-1F93344E44E1}.Debug|Any CPU.Build.0 = Debug|Any CPU
		{E1D30838-4DC3-4B85-8094-1F93344E44E1}.Release|Any CPU.ActiveCfg = Release|Any CPU
		{E1D30838-4DC3-4B85-8094-1F93344E44E1}.Release|Any CPU.Build.0 = Release|Any CPU
		{167761A4-031A-4890-B919-06D339D24CEA}.Debug|Any CPU.ActiveCfg = Debug|Any CPU
		{167761A4-031A-4890-B919-06D339D24CEA}.Debug|Any CPU.Build.0 = Debug|Any CPU
		{167761A4-031A-4890-B919-06D339D24CEA}.Release|Any CPU.ActiveCfg = Release|Any CPU
		{167761A4-031A-4890-B919-06D339D24CEA}.Release|Any CPU.Build.0 = Release|Any CPU
		{D03E6F27-B3A2-4625-B3CA-CA940164AAD4}.Debug|Any CPU.ActiveCfg = Debug|Any CPU
		{D03E6F27-B3A2-4625-B3CA-CA940164AAD4}.Debug|Any CPU.Build.0 = Debug|Any CPU
		{D03E6F27-B3A2-4625-B3CA-CA940164AAD4}.Release|Any CPU.ActiveCfg = Release|Any CPU
		{D03E6F27-B3A2-4625-B3CA-CA940164AAD4}.Release|Any CPU.Build.0 = Release|Any CPU
		{528D783D-87B2-4E6D-991E-E9C9A69E6890}.Debug|Any CPU.ActiveCfg = Debug|Any CPU
		{528D783D-87B2-4E6D-991E-E9C9A69E6890}.Debug|Any CPU.Build.0 = Debug|Any CPU
		{528D783D-87B2-4E6D-991E-E9C9A69E6890}.Release|Any CPU.ActiveCfg = Release|Any CPU
		{528D783D-87B2-4E6D-991E-E9C9A69E6890}.Release|Any CPU.Build.0 = Release|Any CPU
		{52D0CA9A-A14F-4D97-84DD-4FE671554432}.Debug|Any CPU.ActiveCfg = Debug|Any CPU
		{52D0CA9A-A14F-4D97-84DD-4FE671554432}.Debug|Any CPU.Build.0 = Debug|Any CPU
		{52D0CA9A-A14F-4D97-84DD-4FE671554432}.Release|Any CPU.ActiveCfg = Release|Any CPU
		{52D0CA9A-A14F-4D97-84DD-4FE671554432}.Release|Any CPU.Build.0 = Release|Any CPU
		{5C416F14-6F06-419E-A7B9-0DA96FD57B4F}.Debug|Any CPU.ActiveCfg = Debug|Any CPU
		{5C416F14-6F06-419E-A7B9-0DA96FD57B4F}.Debug|Any CPU.Build.0 = Debug|Any CPU
		{5C416F14-6F06-419E-A7B9-0DA96FD57B4F}.Release|Any CPU.ActiveCfg = Release|Any CPU
		{5C416F14-6F06-419E-A7B9-0DA96FD57B4F}.Release|Any CPU.Build.0 = Release|Any CPU
		{46CF7FCB-C3A8-4F9F-B978-EEF137C8A6DA}.Debug|Any CPU.ActiveCfg = Debug|Any CPU
		{46CF7FCB-C3A8-4F9F-B978-EEF137C8A6DA}.Debug|Any CPU.Build.0 = Debug|Any CPU
		{46CF7FCB-C3A8-4F9F-B978-EEF137C8A6DA}.Release|Any CPU.ActiveCfg = Release|Any CPU
		{46CF7FCB-C3A8-4F9F-B978-EEF137C8A6DA}.Release|Any CPU.Build.0 = Release|Any CPU
		{80415EE6-710F-4451-8095-45F4FBCCF431}.Debug|Any CPU.ActiveCfg = Debug|Any CPU
		{80415EE6-710F-4451-8095-45F4FBCCF431}.Debug|Any CPU.Build.0 = Debug|Any CPU
		{80415EE6-710F-4451-8095-45F4FBCCF431}.Release|Any CPU.ActiveCfg = Release|Any CPU
		{80415EE6-710F-4451-8095-45F4FBCCF431}.Release|Any CPU.Build.0 = Release|Any CPU
	EndGlobalSection
	GlobalSection(SolutionProperties) = preSolution
		HideSolutionNode = FALSE
	EndGlobalSection
	GlobalSection(ExtensibilityGlobals) = postSolution
		SolutionGuid = {7EE3DB2E-AB41-4163-A6FC-0F268A773291}
	EndGlobalSection
EndGlobal
